
Microsoft Visual Studio Solution File, Format Version 12.00
# Visual Studio Version 17
VisualStudioVersion = 17.7.34202.233
MinimumVisualStudioVersion = 10.0.40219.1
Project("{FAE04EC0-301F-11D3-BF4B-00C04F79EFBC}") = "Fabric_Extension_BE_Boilerplate_WorkloadManifestValidator", "Fabric_Extension_BE_Boilerplate_WorkloadManifestValidator.csproj", "{2706A52E-3088-49BC-A394-B4B50D87E897}"
EndProject
Global
	GlobalSection(SolutionConfigurationPlatforms) = preSolution
		Debug|Any CPU = Debug|Any CPU
		Release|Any CPU = Release|Any CPU
	EndGlobalSection
	GlobalSection(ProjectConfigurationPlatforms) = postSolution
		{2706A52E-3088-49BC-A394-B4B50D87E897}.Debug|Any CPU.ActiveCfg = Debug|Any CPU
		{2706A52E-3088-49BC-A394-B4B50D87E897}.Debug|Any CPU.Build.0 = Debug|Any CPU
		{2706A52E-3088-49BC-A394-B4B50D87E897}.Release|Any CPU.ActiveCfg = Release|Any CPU
		{2706A52E-3088-49BC-A394-B4B50D87E897}.Release|Any CPU.Build.0 = Release|Any CPU
	EndGlobalSection
	GlobalSection(SolutionProperties) = preSolution
		HideSolutionNode = FALSE
	EndGlobalSection
	GlobalSection(ExtensibilityGlobals) = postSolution
		SolutionGuid = {A472F1C7-AB7A-405A-A103-B8563153E6B3}
	EndGlobalSection
EndGlobal
